
Microsoft Visual Studio Solution File, Format Version 12.00
# Visual Studio 14
VisualStudioVersion = 14.0.25420.1
MinimumVisualStudioVersion = 10.0.40219.1
Project("{FAE04EC0-301F-11D3-BF4B-00C04F79EFBC}") = "IngateTask.Local", "IngateTask\IngateTask.Local.csproj", "{BD37FEEE-EA61-4DBD-9E14-44D81B04A970}"
EndProject
Project("{FAE04EC0-301F-11D3-BF4B-00C04F79EFBC}") = "IngateTask.Tests", "IngateTask.Tests\IngateTask.Tests.csproj", "{1D69F35E-DC27-498B-9B44-53A7E4155791}"
EndProject
Project("{FAE04EC0-301F-11D3-BF4B-00C04F79EFBC}") = "IngateTask.Core", "IngateTask.Core\IngateTask.Core.csproj", "{B668ABEA-2CD1-47EA-A67F-01B56191DF43}"
EndProject
Global
	GlobalSection(SolutionConfigurationPlatforms) = preSolution
		Debug|Any CPU = Debug|Any CPU
		Release|Any CPU = Release|Any CPU
	EndGlobalSection
	GlobalSection(ProjectConfigurationPlatforms) = postSolution
		{BD37FEEE-EA61-4DBD-9E14-44D81B04A970}.Debug|Any CPU.ActiveCfg = Debug|Any CPU
		{BD37FEEE-EA61-4DBD-9E14-44D81B04A970}.Debug|Any CPU.Build.0 = Debug|Any CPU
		{BD37FEEE-EA61-4DBD-9E14-44D81B04A970}.Release|Any CPU.ActiveCfg = Release|Any CPU
		{BD37FEEE-EA61-4DBD-9E14-44D81B04A970}.Release|Any CPU.Build.0 = Release|Any CPU
		{1D69F35E-DC27-498B-9B44-53A7E4155791}.Debug|Any CPU.ActiveCfg = Debug|Any CPU
		{1D69F35E-DC27-498B-9B44-53A7E4155791}.Debug|Any CPU.Build.0 = Debug|Any CPU
		{1D69F35E-DC27-498B-9B44-53A7E4155791}.Release|Any CPU.ActiveCfg = Release|Any CPU
		{1D69F35E-DC27-498B-9B44-53A7E4155791}.Release|Any CPU.Build.0 = Release|Any CPU
		{B668ABEA-2CD1-47EA-A67F-01B56191DF43}.Debug|Any CPU.ActiveCfg = Debug|Any CPU
		{B668ABEA-2CD1-47EA-A67F-01B56191DF43}.Debug|Any CPU.Build.0 = Debug|Any CPU
		{B668ABEA-2CD1-47EA-A67F-01B56191DF43}.Release|Any CPU.ActiveCfg = Release|Any CPU
		{B668ABEA-2CD1-47EA-A67F-01B56191DF43}.Release|Any CPU.Build.0 = Release|Any CPU
	EndGlobalSection
	GlobalSection(SolutionProperties) = preSolution
		HideSolutionNode = FALSE
	EndGlobalSection
EndGlobal
