
Microsoft Visual Studio Solution File, Format Version 12.00
# Visual Studio 14
VisualStudioVersion = 14.0.25420.1
MinimumVisualStudioVersion = 10.0.40219.1
Project("{FAE04EC0-301F-11D3-BF4B-00C04F79EFBC}") = "IngateTask.Local", "IngateTask\IngateTask.Local.csproj", "{BD37FEEE-EA61-4DBD-9E14-44D81B04A970}"
EndProject
Project("{FAE04EC0-301F-11D3-BF4B-00C04F79EFBC}") = "IngateTask.Tests", "IngateTask.Tests\IngateTask.Tests.csproj", "{1D69F35E-DC27-498B-9B44-53A7E4155791}"
EndProject
Project("{FAE04EC0-301F-11D3-BF4B-00C04F79EFBC}") = "IngateTask.Service.WCF", "IngateTask.Service.WCF\IngateTask.Service.WCF.csproj", "{F5D5120C-E6FC-4C82-AF59-9CA2A022B7EC}"
EndProject
Project("{FAE04EC0-301F-11D3-BF4B-00C04F79EFBC}") = "IngateTask.Core", "IngateTask.Core\IngateTask.Core.csproj", "{B668ABEA-2CD1-47EA-A67F-01B56191DF43}"
EndProject
Project("{FAE04EC0-301F-11D3-BF4B-00C04F79EFBC}") = "IngateTask.Client.WCF", "IngateTask.Client.WCF\IngateTask.Client.WCF.csproj", "{206FACC8-2A10-4823-9133-6A2EB364A689}"
EndProject
Project("{FAE04EC0-301F-11D3-BF4B-00C04F79EFBC}") = "IngateTask.Host.WCF", "IngateTask.Host.WCF\IngateTask.Host.WCF.csproj", "{45E67E3E-5D3A-43A8-A879-56889277E9B1}"
EndProject
Project("{FAE04EC0-301F-11D3-BF4B-00C04F79EFBC}") = "IngateTask.PortableLibrary", "IngateTask.PortableLibrary\IngateTask.PortableLibrary.csproj", "{455793A6-64A5-4958-83FB-DC309BBF5C7D}"
EndProject
Global
	GlobalSection(SolutionConfigurationPlatforms) = preSolution
		Debug|Any CPU = Debug|Any CPU
		Release|Any CPU = Release|Any CPU
	EndGlobalSection
	GlobalSection(ProjectConfigurationPlatforms) = postSolution
		{BD37FEEE-EA61-4DBD-9E14-44D81B04A970}.Debug|Any CPU.ActiveCfg = Debug|Any CPU
		{BD37FEEE-EA61-4DBD-9E14-44D81B04A970}.Debug|Any CPU.Build.0 = Debug|Any CPU
		{BD37FEEE-EA61-4DBD-9E14-44D81B04A970}.Release|Any CPU.ActiveCfg = Release|Any CPU
		{BD37FEEE-EA61-4DBD-9E14-44D81B04A970}.Release|Any CPU.Build.0 = Release|Any CPU
		{1D69F35E-DC27-498B-9B44-53A7E4155791}.Debug|Any CPU.ActiveCfg = Debug|Any CPU
		{1D69F35E-DC27-498B-9B44-53A7E4155791}.Debug|Any CPU.Build.0 = Debug|Any CPU
		{1D69F35E-DC27-498B-9B44-53A7E4155791}.Release|Any CPU.ActiveCfg = Release|Any CPU
		{1D69F35E-DC27-498B-9B44-53A7E4155791}.Release|Any CPU.Build.0 = Release|Any CPU
		{F5D5120C-E6FC-4C82-AF59-9CA2A022B7EC}.Debug|Any CPU.ActiveCfg = Debug|Any CPU
		{F5D5120C-E6FC-4C82-AF59-9CA2A022B7EC}.Debug|Any CPU.Build.0 = Debug|Any CPU
		{F5D5120C-E6FC-4C82-AF59-9CA2A022B7EC}.Release|Any CPU.ActiveCfg = Release|Any CPU
		{F5D5120C-E6FC-4C82-AF59-9CA2A022B7EC}.Release|Any CPU.Build.0 = Release|Any CPU
		{B668ABEA-2CD1-47EA-A67F-01B56191DF43}.Debug|Any CPU.ActiveCfg = Debug|Any CPU
		{B668ABEA-2CD1-47EA-A67F-01B56191DF43}.Debug|Any CPU.Build.0 = Debug|Any CPU
		{B668ABEA-2CD1-47EA-A67F-01B56191DF43}.Release|Any CPU.ActiveCfg = Release|Any CPU
		{B668ABEA-2CD1-47EA-A67F-01B56191DF43}.Release|Any CPU.Build.0 = Release|Any CPU
		{206FACC8-2A10-4823-9133-6A2EB364A689}.Debug|Any CPU.ActiveCfg = Debug|Any CPU
		{206FACC8-2A10-4823-9133-6A2EB364A689}.Debug|Any CPU.Build.0 = Debug|Any CPU
		{206FACC8-2A10-4823-9133-6A2EB364A689}.Release|Any CPU.ActiveCfg = Release|Any CPU
		{206FACC8-2A10-4823-9133-6A2EB364A689}.Release|Any CPU.Build.0 = Release|Any CPU
		{45E67E3E-5D3A-43A8-A879-56889277E9B1}.Debug|Any CPU.ActiveCfg = Debug|Any CPU
		{45E67E3E-5D3A-43A8-A879-56889277E9B1}.Debug|Any CPU.Build.0 = Debug|Any CPU
		{45E67E3E-5D3A-43A8-A879-56889277E9B1}.Release|Any CPU.ActiveCfg = Release|Any CPU
		{45E67E3E-5D3A-43A8-A879-56889277E9B1}.Release|Any CPU.Build.0 = Release|Any CPU
		{455793A6-64A5-4958-83FB-DC309BBF5C7D}.Debug|Any CPU.ActiveCfg = Debug|Any CPU
		{455793A6-64A5-4958-83FB-DC309BBF5C7D}.Debug|Any CPU.Build.0 = Debug|Any CPU
		{455793A6-64A5-4958-83FB-DC309BBF5C7D}.Release|Any CPU.ActiveCfg = Release|Any CPU
		{455793A6-64A5-4958-83FB-DC309BBF5C7D}.Release|Any CPU.Build.0 = Release|Any CPU
	EndGlobalSection
	GlobalSection(SolutionProperties) = preSolution
		HideSolutionNode = FALSE
	EndGlobalSection
EndGlobal
